
Microsoft Visual Studio Solution File, Format Version 12.00
# Visual Studio Version 16
VisualStudioVersion = 16.0.29920.165
MinimumVisualStudioVersion = 10.0.40219.1
Project("{8BC9CEB8-8B4A-11D0-8D11-00A0C91BC942}") = "Qt3", "Qt3.vcxproj", "{D2433703-09ED-4316-B857-3FCD66398685}"
EndProject
Global
	GlobalSection(SolutionConfigurationPlatforms) = preSolution
		Debug|x64 = Debug|x64
		Debug|x86 = Debug|x86
		Release|x64 = Release|x64
		Release|x86 = Release|x86
	EndGlobalSection
	GlobalSection(ProjectConfigurationPlatforms) = postSolution
		{D2433703-09ED-4316-B857-3FCD66398685}.Debug|x64.ActiveCfg = Debug|x64
		{D2433703-09ED-4316-B857-3FCD66398685}.Debug|x64.Build.0 = Debug|x64
		{D2433703-09ED-4316-B857-3FCD66398685}.Debug|x86.ActiveCfg = Debug|Win32
		{D2433703-09ED-4316-B857-3FCD66398685}.Debug|x86.Build.0 = Debug|Win32
		{D2433703-09ED-4316-B857-3FCD66398685}.Release|x64.ActiveCfg = Release|x64
		{D2433703-09ED-4316-B857-3FCD66398685}.Release|x64.Build.0 = Release|x64
		{D2433703-09ED-4316-B857-3FCD66398685}.Release|x86.ActiveCfg = Release|Win32
		{D2433703-09ED-4316-B857-3FCD66398685}.Release|x86.Build.0 = Release|Win32
	EndGlobalSection
	GlobalSection(SolutionProperties) = preSolution
		HideSolutionNode = FALSE
	EndGlobalSection
	GlobalSection(ExtensibilityGlobals) = postSolution
		SolutionGuid = {9DFDA839-FEF8-4787-8422-67BA1712FC25}
	EndGlobalSection
EndGlobal
