
Microsoft Visual Studio Solution File, Format Version 12.00
# Visual Studio Version 16
VisualStudioVersion = 16.0.29920.165
MinimumVisualStudioVersion = 10.0.40219.1
Project("{8BC9CEB8-8B4A-11D0-8D11-00A0C91BC942}") = "Tree3", "Tree3.vcxproj", "{3C83F8EF-2C84-4A01-AA6F-341CB29E85A2}"
EndProject
Global
	GlobalSection(SolutionConfigurationPlatforms) = preSolution
		Debug|x64 = Debug|x64
		Debug|x86 = Debug|x86
		Release|x64 = Release|x64
		Release|x86 = Release|x86
	EndGlobalSection
	GlobalSection(ProjectConfigurationPlatforms) = postSolution
		{3C83F8EF-2C84-4A01-AA6F-341CB29E85A2}.Debug|x64.ActiveCfg = Debug|x64
		{3C83F8EF-2C84-4A01-AA6F-341CB29E85A2}.Debug|x64.Build.0 = Debug|x64
		{3C83F8EF-2C84-4A01-AA6F-341CB29E85A2}.Debug|x86.ActiveCfg = Debug|Win32
		{3C83F8EF-2C84-4A01-AA6F-341CB29E85A2}.Debug|x86.Build.0 = Debug|Win32
		{3C83F8EF-2C84-4A01-AA6F-341CB29E85A2}.Release|x64.ActiveCfg = Release|x64
		{3C83F8EF-2C84-4A01-AA6F-341CB29E85A2}.Release|x64.Build.0 = Release|x64
		{3C83F8EF-2C84-4A01-AA6F-341CB29E85A2}.Release|x86.ActiveCfg = Release|Win32
		{3C83F8EF-2C84-4A01-AA6F-341CB29E85A2}.Release|x86.Build.0 = Release|Win32
	EndGlobalSection
	GlobalSection(SolutionProperties) = preSolution
		HideSolutionNode = FALSE
	EndGlobalSection
	GlobalSection(ExtensibilityGlobals) = postSolution
		SolutionGuid = {57822478-F44B-44ED-94AF-CF4CF98A6953}
	EndGlobalSection
EndGlobal
